// !$*UTF8*$!
{
	archiveVersion = 1;
	classes = {
	};
	objectVersion = 56;
	objects = {

/* Begin PBXBuildFile section */
		131C68952C09AFA300BD6D16 /* AppDelegate.swift in Sources */ = {isa = PBXBuildFile; fileRef = 131C68942C09AFA300BD6D16 /* AppDelegate.swift */; };
		131C68972C09AFA300BD6D16 /* SceneDelegate.swift in Sources */ = {isa = PBXBuildFile; fileRef = 131C68962C09AFA300BD6D16 /* SceneDelegate.swift */; };
		131C68992C09AFA300BD6D16 /* ViewController.swift in Sources */ = {isa = PBXBuildFile; fileRef = 131C68982C09AFA300BD6D16 /* ViewController.swift */; };
		131C689C2C09AFA300BD6D16 /* Base in Resources */ = {isa = PBXBuildFile; fileRef = 131C689B2C09AFA300BD6D16 /* Base */; };
		131C689E2C09AFA700BD6D16 /* Assets.xcassets in Resources */ = {isa = PBXBuildFile; fileRef = 131C689D2C09AFA700BD6D16 /* Assets.xcassets */; };
		131C68A12C09AFA700BD6D16 /* Base in Resources */ = {isa = PBXBuildFile; fileRef = 131C68A02C09AFA700BD6D16 /* Base */; };
		131C68AB2C09B00600BD6D16 /* TransactionExampleViewController.swift in Sources */ = {isa = PBXBuildFile; fileRef = 131C68AA2C09B00600BD6D16 /* TransactionExampleViewController.swift */; };
		13DCE06F2C5CDFA000123A95 /* SafousWaap.plist in Resources */ = {isa = PBXBuildFile; fileRef = 13DCE06E2C5CDFA000123A95 /* SafousWaap.plist */; };
		13FA9B6E2C6DA2C900BE352B /* RegistrationExampleViewController.swift in Sources */ = {isa = PBXBuildFile; fileRef = 13FA9B6D2C6DA2C900BE352B /* RegistrationExampleViewController.swift */; };
/* End PBXBuildFile section */

/* Begin PBXFileReference section */
		131C68912C09AFA300BD6D16 /* SafousWaapExample.app */ = {isa = PBXFileReference; explicitFileType = wrapper.application; includeInIndex = 0; path = SafousWaapExample.app; sourceTree = BUILT_PRODUCTS_DIR; };
		131C68942C09AFA300BD6D16 /* AppDelegate.swift */ = {isa = PBXFileReference; lastKnownFileType = sourcecode.swift; path = AppDelegate.swift; sourceTree = "<group>"; };
		131C68962C09AFA300BD6D16 /* SceneDelegate.swift */ = {isa = PBXFileReference; lastKnownFileType = sourcecode.swift; path = SceneDelegate.swift; sourceTree = "<group>"; };
		131C68982C09AFA300BD6D16 /* ViewController.swift */ = {isa = PBXFileReference; lastKnownFileType = sourcecode.swift; path = ViewController.swift; sourceTree = "<group>"; };
		131C689B2C09AFA300BD6D16 /* Base */ = {isa = PBXFileReference; lastKnownFileType = file.storyboard; name = Base; path = Base.lproj/Main.storyboard; sourceTree = "<group>"; };
		131C689D2C09AFA700BD6D16 /* Assets.xcassets */ = {isa = PBXFileReference; lastKnownFileType = folder.assetcatalog; path = Assets.xcassets; sourceTree = "<group>"; };
		131C68A02C09AFA700BD6D16 /* Base */ = {isa = PBXFileReference; lastKnownFileType = file.storyboard; name = Base; path = Base.lproj/LaunchScreen.storyboard; sourceTree = "<group>"; };
		131C68A22C09AFA700BD6D16 /* Info.plist */ = {isa = PBXFileReference; lastKnownFileType = text.plist.xml; path = Info.plist; sourceTree = "<group>"; };
		131C68AA2C09B00600BD6D16 /* TransactionExampleViewController.swift */ = {isa = PBXFileReference; lastKnownFileType = sourcecode.swift; path = TransactionExampleViewController.swift; sourceTree = "<group>"; };
		13DCE06E2C5CDFA000123A95 /* SafousWaap.plist */ = {isa = PBXFileReference; lastKnownFileType = text.plist.xml; path = SafousWaap.plist; sourceTree = "<group>"; };
		13FA9B6D2C6DA2C900BE352B /* RegistrationExampleViewController.swift */ = {isa = PBXFileReference; lastKnownFileType = sourcecode.swift; path = RegistrationExampleViewController.swift; sourceTree = "<group>"; };
/* End PBXFileReference section */

/* Begin PBXFrameworksBuildPhase section */
		131C688E2C09AFA300BD6D16 /* Frameworks */ = {
			isa = PBXFrameworksBuildPhase;
			buildActionMask = 2147483647;
			files = (
			);
			runOnlyForDeploymentPostprocessing = 0;
		};
/* End PBXFrameworksBuildPhase section */

/* Begin PBXGroup section */
		131C68882C09AFA300BD6D16 = {
			isa = PBXGroup;
			children = (
				131C68932C09AFA300BD6D16 /* SafousWaapExample */,
				131C68922C09AFA300BD6D16 /* Products */,
				13A82A762C0ED36100507DBD /* Frameworks */,
			);
			sourceTree = "<group>";
		};
		131C68922C09AFA300BD6D16 /* Products */ = {
			isa = PBXGroup;
			children = (
				131C68912C09AFA300BD6D16 /* SafousWaapExample.app */,
			);
			name = Products;
			sourceTree = "<group>";
		};
		131C68932C09AFA300BD6D16 /* SafousWaapExample */ = {
			isa = PBXGroup;
			children = (
				13A82A7D2C10428E00507DBD /* Support */,
				131C68942C09AFA300BD6D16 /* AppDelegate.swift */,
				131C68962C09AFA300BD6D16 /* SceneDelegate.swift */,
				131C68982C09AFA300BD6D16 /* ViewController.swift */,
				13FA9B6D2C6DA2C900BE352B /* RegistrationExampleViewController.swift */,
				131C68AA2C09B00600BD6D16 /* TransactionExampleViewController.swift */,
				131C689A2C09AFA300BD6D16 /* Main.storyboard */,
				131C689D2C09AFA700BD6D16 /* Assets.xcassets */,
				131C689F2C09AFA700BD6D16 /* LaunchScreen.storyboard */,
				131C68A22C09AFA700BD6D16 /* Info.plist */,
			);
			path = SafousWaapExample;
			sourceTree = "<group>";
		};
		13A82A762C0ED36100507DBD /* Frameworks */ = {
			isa = PBXGroup;
			children = (
			);
			name = Frameworks;
			sourceTree = "<group>";
		};
		13A82A7D2C10428E00507DBD /* Support */ = {
			isa = PBXGroup;
			children = (
				13DCE06E2C5CDFA000123A95 /* SafousWaap.plist */,
			);
			path = Support;
			sourceTree = "<group>";
		};
/* End PBXGroup section */

/* Begin PBXNativeTarget section */
		131C68902C09AFA300BD6D16 /* SafousWaapExample */ = {
			isa = PBXNativeTarget;
			buildConfigurationList = 131C68A52C09AFA700BD6D16 /* Build configuration list for PBXNativeTarget "SafousWaapExample" */;
			buildPhases = (
				131C688D2C09AFA300BD6D16 /* Sources */,
				131C688E2C09AFA300BD6D16 /* Frameworks */,
				131C688F2C09AFA300BD6D16 /* Resources */,
			);
			buildRules = (
			);
			dependencies = (
			);
			name = SafousWaapExample;
			productName = SafousWaapExample;
			productReference = 131C68912C09AFA300BD6D16 /* SafousWaapExample.app */;
			productType = "com.apple.product-type.application";
		};
/* End PBXNativeTarget section */

/* Begin PBXProject section */
		131C68892C09AFA300BD6D16 /* Project object */ = {
			isa = PBXProject;
			attributes = {
				BuildIndependentTargetsInParallel = 1;
				LastSwiftUpdateCheck = 1530;
				LastUpgradeCheck = 1530;
				TargetAttributes = {
					131C68902C09AFA300BD6D16 = {
						CreatedOnToolsVersion = 15.3;
					};
				};
			};
			buildConfigurationList = 131C688C2C09AFA300BD6D16 /* Build configuration list for PBXProject "SafousWaapExample" */;
			compatibilityVersion = "Xcode 14.0";
			developmentRegion = en;
			hasScannedForEncodings = 0;
			knownRegions = (
				en,
				Base,
			);
			mainGroup = 131C68882C09AFA300BD6D16;
			productRefGroup = 131C68922C09AFA300BD6D16 /* Products */;
			projectDirPath = "";
			projectRoot = "";
			targets = (
				131C68902C09AFA300BD6D16 /* SafousWaapExample */,
			);
		};
/* End PBXProject section */

/* Begin PBXResourcesBuildPhase section */
		131C688F2C09AFA300BD6D16 /* Resources */ = {
			isa = PBXResourcesBuildPhase;
			buildActionMask = 2147483647;
			files = (
				13DCE06F2C5CDFA000123A95 /* SafousWaap.plist in Resources */,
				131C689E2C09AFA700BD6D16 /* Assets.xcassets in Resources */,
				131C68A12C09AFA700BD6D16 /* Base in Resources */,
				131C689C2C09AFA300BD6D16 /* Base in Resources */,
			);
			runOnlyForDeploymentPostprocessing = 0;
		};
/* End PBXResourcesBuildPhase section */

/* Begin PBXSourcesBuildPhase section */
		131C688D2C09AFA300BD6D16 /* Sources */ = {
			isa = PBXSourcesBuildPhase;
			buildActionMask = 2147483647;
			files = (
				131C68AB2C09B00600BD6D16 /* TransactionExampleViewController.swift in Sources */,
				131C68992C09AFA300BD6D16 /* ViewController.swift in Sources */,
				131C68952C09AFA300BD6D16 /* AppDelegate.swift in Sources */,
				13FA9B6E2C6DA2C900BE352B /* RegistrationExampleViewController.swift in Sources */,
				131C68972C09AFA300BD6D16 /* SceneDelegate.swift in Sources */,
			);
			runOnlyForDeploymentPostprocessing = 0;
		};
/* End PBXSourcesBuildPhase section */

/* Begin PBXVariantGroup section */
		131C689A2C09AFA300BD6D16 /* Main.storyboard */ = {
			isa = PBXVariantGroup;
			children = (
				131C689B2C09AFA300BD6D16 /* Base */,
			);
			name = Main.storyboard;
			sourceTree = "<group>";
		};
		131C689F2C09AFA700BD6D16 /* LaunchScreen.storyboard */ = {
			isa = PBXVariantGroup;
			children = (
				131C68A02C09AFA700BD6D16 /* Base */,
			);
			name = LaunchScreen.storyboard;
			sourceTree = "<group>";
		};
/* End PBXVariantGroup section */

/* Begin XCBuildConfiguration section */
		131C68A32C09AFA700BD6D16 /* Debug */ = {
			isa = XCBuildConfiguration;
			buildSettings = {
				ALWAYS_SEARCH_USER_PATHS = NO;
				ASSETCATALOG_COMPILER_GENERATE_SWIFT_ASSET_SYMBOL_EXTENSIONS = YES;
				CLANG_ANALYZER_NONNULL = YES;
				CLANG_ANALYZER_NUMBER_OBJECT_CONVERSION = YES_AGGRESSIVE;
				CLANG_CXX_LANGUAGE_STANDARD = "gnu++20";
				CLANG_ENABLE_MODULES = YES;
				CLANG_ENABLE_OBJC_ARC = YES;
				CLANG_ENABLE_OBJC_WEAK = YES;
				CLANG_WARN_BLOCK_CAPTURE_AUTORELEASING = YES;
				CLANG_WARN_BOOL_CONVERSION = YES;
				CLANG_WARN_COMMA = YES;
				CLANG_WARN_CONSTANT_CONVERSION = YES;
				CLANG_WARN_DEPRECATED_OBJC_IMPLEMENTATIONS = YES;
				CLANG_WARN_DIRECT_OBJC_ISA_USAGE = YES_ERROR;
				CLANG_WARN_DOCUMENTATION_COMMENTS = YES;
				CLANG_WARN_EMPTY_BODY = YES;
				CLANG_WARN_ENUM_CONVERSION = YES;
				CLANG_WARN_INFINITE_RECURSION = YES;
				CLANG_WARN_INT_CONVERSION = YES;
				CLANG_WARN_NON_LITERAL_NULL_CONVERSION = YES;
				CLANG_WARN_OBJC_IMPLICIT_RETAIN_SELF = YES;
				CLANG_WARN_OBJC_LITERAL_CONVERSION = YES;
				CLANG_WARN_OBJC_ROOT_CLASS = YES_ERROR;
				CLANG_WARN_QUOTED_INCLUDE_IN_FRAMEWORK_HEADER = YES;
				CLANG_WARN_RANGE_LOOP_ANALYSIS = YES;
				CLANG_WARN_STRICT_PROTOTYPES = YES;
				CLANG_WARN_SUSPICIOUS_MOVE = YES;
				CLANG_WARN_UNGUARDED_AVAILABILITY = YES_AGGRESSIVE;
				CLANG_WARN_UNREACHABLE_CODE = YES;
				CLANG_WARN__DUPLICATE_METHOD_MATCH = YES;
				COPY_PHASE_STRIP = NO;
				DEBUG_INFORMATION_FORMAT = dwarf;
				ENABLE_STRICT_OBJC_MSGSEND = YES;
				ENABLE_TESTABILITY = YES;
				ENABLE_USER_SCRIPT_SANDBOXING = YES;
				GCC_C_LANGUAGE_STANDARD = gnu17;
				GCC_DYNAMIC_NO_PIC = NO;
				GCC_NO_COMMON_BLOCKS = YES;
				GCC_OPTIMIZATION_LEVEL = 0;
				GCC_PREPROCESSOR_DEFINITIONS = (
					"DEBUG=1",
					"$(inherited)",
				);
				GCC_WARN_64_TO_32_BIT_CONVERSION = YES;
				GCC_WARN_ABOUT_RETURN_TYPE = YES_ERROR;
				GCC_WARN_UNDECLARED_SELECTOR = YES;
				GCC_WARN_UNINITIALIZED_AUTOS = YES_AGGRESSIVE;
				GCC_WARN_UNUSED_FUNCTION = YES;
				GCC_WARN_UNUSED_VARIABLE = YES;
				IPHONEOS_DEPLOYMENT_TARGET = 17.4;
				LOCALIZATION_PREFERS_STRING_CATALOGS = YES;
				MTL_ENABLE_DEBUG_INFO = INCLUDE_SOURCE;
				MTL_FAST_MATH = YES;
				ONLY_ACTIVE_ARCH = YES;
				SDKROOT = iphoneos;
				SWIFT_ACTIVE_COMPILATION_CONDITIONS = "DEBUG $(inherited)";
				SWIFT_OPTIMIZATION_LEVEL = "-Onone";
			};
			name = Debug;
		};
		131C68A42C09AFA700BD6D16 /* Release */ = {
			isa = XCBuildConfiguration;
			buildSettings = {
				ALWAYS_SEARCH_USER_PATHS = NO;
				ASSETCATALOG_COMPILER_GENERATE_SWIFT_ASSET_SYMBOL_EXTENSIONS = YES;
				CLANG_ANALYZER_NONNULL = YES;
				CLANG_ANALYZER_NUMBER_OBJECT_CONVERSION = YES_AGGRESSIVE;
				CLANG_CXX_LANGUAGE_STANDARD = "gnu++20";
				CLANG_ENABLE_MODULES = YES;
				CLANG_ENABLE_OBJC_ARC = YES;
				CLANG_ENABLE_OBJC_WEAK = YES;
				CLANG_WARN_BLOCK_CAPTURE_AUTORELEASING = YES;
				CLANG_WARN_BOOL_CONVERSION = YES;
				CLANG_WARN_COMMA = YES;
				CLANG_WARN_CONSTANT_CONVERSION = YES;
				CLANG_WARN_DEPRECATED_OBJC_IMPLEMENTATIONS = YES;
				CLANG_WARN_DIRECT_OBJC_ISA_USAGE = YES_ERROR;
				CLANG_WARN_DOCUMENTATION_COMMENTS = YES;
				CLANG_WARN_EMPTY_BODY = YES;
				CLANG_WARN_ENUM_CONVERSION = YES;
				CLANG_WARN_INFINITE_RECURSION = YES;
				CLANG_WARN_INT_CONVERSION = YES;
				CLANG_WARN_NON_LITERAL_NULL_CONVERSION = YES;
				CLANG_WARN_OBJC_IMPLICIT_RETAIN_SELF = YES;
				CLANG_WARN_OBJC_LITERAL_CONVERSION = YES;
				CLANG_WARN_OBJC_ROOT_CLASS = YES_ERROR;
				CLANG_WARN_QUOTED_INCLUDE_IN_FRAMEWORK_HEADER = YES;
				CLANG_WARN_RANGE_LOOP_ANALYSIS = YES;
				CLANG_WARN_STRICT_PROTOTYPES = YES;
				CLANG_WARN_SUSPICIOUS_MOVE = YES;
				CLANG_WARN_UNGUARDED_AVAILABILITY = YES_AGGRESSIVE;
				CLANG_WARN_UNREACHABLE_CODE = YES;
				CLANG_WARN__DUPLICATE_METHOD_MATCH = YES;
				COPY_PHASE_STRIP = NO;
				DEBUG_INFORMATION_FORMAT = "dwarf-with-dsym";
				ENABLE_NS_ASSERTIONS = NO;
				ENABLE_STRICT_OBJC_MSGSEND = YES;
				ENABLE_USER_SCRIPT_SANDBOXING = YES;
				GCC_C_LANGUAGE_STANDARD = gnu17;
				GCC_NO_COMMON_BLOCKS = YES;
				GCC_WARN_64_TO_32_BIT_CONVERSION = YES;
				GCC_WARN_ABOUT_RETURN_TYPE = YES_ERROR;
				GCC_WARN_UNDECLARED_SELECTOR = YES;
				GCC_WARN_UNINITIALIZED_AUTOS = YES_AGGRESSIVE;
				GCC_WARN_UNUSED_FUNCTION = YES;
				GCC_WARN_UNUSED_VARIABLE = YES;
				IPHONEOS_DEPLOYMENT_TARGET = 17.4;
				LOCALIZATION_PREFERS_STRING_CATALOGS = YES;
				MTL_ENABLE_DEBUG_INFO = NO;
				MTL_FAST_MATH = YES;
				SDKROOT = iphoneos;
				SWIFT_COMPILATION_MODE = wholemodule;
				VALIDATE_PRODUCT = YES;
			};
			name = Release;
		};
		131C68A62C09AFA700BD6D16 /* Debug */ = {
			isa = XCBuildConfiguration;
			buildSettings = {
				ASSETCATALOG_COMPILER_APPICON_NAME = AppIcon;
				ASSETCATALOG_COMPILER_GLOBAL_ACCENT_COLOR_NAME = AccentColor;
				CODE_SIGN_STYLE = Automatic;
				CURRENT_PROJECT_VERSION = 1;
				DEVELOPMENT_TEAM = 3AJ5H8D48C;
				GENERATE_INFOPLIST_FILE = YES;
				INFOPLIST_FILE = SafousWaapExample/Info.plist;
				INFOPLIST_KEY_UIApplicationSupportsIndirectInputEvents = YES;
				INFOPLIST_KEY_UILaunchStoryboardName = LaunchScreen;
				INFOPLIST_KEY_UIMainStoryboardFile = Main;
				INFOPLIST_KEY_UISupportedInterfaceOrientations_iPad = "UIInterfaceOrientationPortrait UIInterfaceOrientationPortraitUpsideDown UIInterfaceOrientationLandscapeLeft UIInterfaceOrientationLandscapeRight";
				INFOPLIST_KEY_UISupportedInterfaceOrientations_iPhone = "UIInterfaceOrientationPortrait UIInterfaceOrientationLandscapeLeft UIInterfaceOrientationLandscapeRight";
				LD_RUNPATH_SEARCH_PATHS = (
					"$(inherited)",
					"@executable_path/Frameworks",
				);
				MARKETING_VERSION = 1.0;
				PRODUCT_BUNDLE_IDENTIFIER = com.iij.safouswaap.SafousWaapExample;
				PRODUCT_NAME = "$(TARGET_NAME)";
				SWIFT_EMIT_LOC_STRINGS = YES;
				SWIFT_VERSION = 5.0;
				TARGETED_DEVICE_FAMILY = "1,2";
			};
			name = Debug;
		};
		131C68A72C09AFA700BD6D16 /* Release */ = {
			isa = XCBuildConfiguration;
			buildSettings = {
				ASSETCATALOG_COMPILER_APPICON_NAME = AppIcon;
				ASSETCATALOG_COMPILER_GLOBAL_ACCENT_COLOR_NAME = AccentColor;
				CODE_SIGN_STYLE = Automatic;
				CURRENT_PROJECT_VERSION = 1;
				DEVELOPMENT_TEAM = 3AJ5H8D48C;
				GENERATE_INFOPLIST_FILE = YES;
				INFOPLIST_FILE = SafousWaapExample/Info.plist;
				INFOPLIST_KEY_UIApplicationSupportsIndirectInputEvents = YES;
				INFOPLIST_KEY_UILaunchStoryboardName = LaunchScreen;
				INFOPLIST_KEY_UIMainStoryboardFile = Main;
				INFOPLIST_KEY_UISupportedInterfaceOrientations_iPad = "UIInterfaceOrientationPortrait UIInterfaceOrientationPortraitUpsideDown UIInterfaceOrientationLandscapeLeft UIInterfaceOrientationLandscapeRight";
				INFOPLIST_KEY_UISupportedInterfaceOrientations_iPhone = "UIInterfaceOrientationPortrait UIInterfaceOrientationLandscapeLeft UIInterfaceOrientationLandscapeRight";
				LD_RUNPATH_SEARCH_PATHS = (
					"$(inherited)",
					"@executable_path/Frameworks",
				);
				MARKETING_VERSION = 1.0;
				PRODUCT_BUNDLE_IDENTIFIER = com.iij.safouswaap.SafousWaapExample;
				PRODUCT_NAME = "$(TARGET_NAME)";
				SWIFT_EMIT_LOC_STRINGS = YES;
				SWIFT_VERSION = 5.0;
				TARGETED_DEVICE_FAMILY = "1,2";
			};
			name = Release;
		};
/* End XCBuildConfiguration section */

/* Begin XCConfigurationList section */
		131C688C2C09AFA300BD6D16 /* Build configuration list for PBXProject "SafousWaapExample" */ = {
			isa = XCConfigurationList;
			buildConfigurations = (
				131C68A32C09AFA700BD6D16 /* Debug */,
				131C68A42C09AFA700BD6D16 /* Release */,
			);
			defaultConfigurationIsVisible = 0;
			defaultConfigurationName = Release;
		};
		131C68A52C09AFA700BD6D16 /* Build configuration list for PBXNativeTarget "SafousWaapExample" */ = {
			isa = XCConfigurationList;
			buildConfigurations = (
				131C68A62C09AFA700BD6D16 /* Debug */,
				131C68A72C09AFA700BD6D16 /* Release */,
			);
			defaultConfigurationIsVisible = 0;
			defaultConfigurationName = Release;
		};
/* End XCConfigurationList section */
	};
	rootObject = 131C68892C09AFA300BD6D16 /* Project object */;
}
